
Microsoft Visual Studio Solution File, Format Version 12.00
# Visual Studio Version 16
VisualStudioVersion = 16.0.30114.105
MinimumVisualStudioVersion = 15.0.26124.0
Project("{2150E333-8FDC-42A3-9474-1A3956D46DE8}") = "Solution Items", "Solution Items", "{64115D43-25B6-43BC-BE4F-89FA85CF4A64}"
	ProjectSection(SolutionItems) = preProject
		.editorconfig = .editorconfig
	EndProjectSection
EndProject
Project("{9A19103F-16F7-4668-BE54-9A1E7A4F7556}") = "Grynwald.Extensions.Statiq.Git", "Extensions.Statiq.Git\Grynwald.Extensions.Statiq.Git.csproj", "{9F16856B-56FD-4D78-B5E5-4AC774A92BCB}"
EndProject
Project("{9A19103F-16F7-4668-BE54-9A1E7A4F7556}") = "Grynwald.Extensions.Statiq.Git.Test", "Extensions.Statiq.Git.Test\Grynwald.Extensions.Statiq.Git.Test.csproj", "{DFA13466-CD34-4881-A64C-C9E3F057934D}"
EndProject
Project("{9A19103F-16F7-4668-BE54-9A1E7A4F7556}") = "Grynwald.Extensions.Statiq.DocumentReferences", "Extensions.Statiq.DocumentReferences\Grynwald.Extensions.Statiq.DocumentReferences.csproj", "{9353407B-BAA0-47D0-BE90-0B1348356E5E}"
EndProject
Project("{9A19103F-16F7-4668-BE54-9A1E7A4F7556}") = "Grynwald.Extensions.Statiq.DocumentReferences.Test", "Extensions.Statiq.DocumentReferences.Test\Grynwald.Extensions.Statiq.DocumentReferences.Test.csproj", "{AC20EE3D-6FC6-4AB3-84FE-59EB7E3D6381}"
EndProject
Project("{9A19103F-16F7-4668-BE54-9A1E7A4F7556}") = "Grynwald.Extensions.Statiq.DocsTemplate", "Extensions.Statiq.DocsTemplate\Grynwald.Extensions.Statiq.DocsTemplate.csproj", "{B24B0724-F1C1-4264-B9A3-A67F808FDD63}"
EndProject
Project("{9A19103F-16F7-4668-BE54-9A1E7A4F7556}") = "Grynwald.Extensions.Statiq.DocsTemplate.Test", "Extensions.Statiq.DocsTemplate.Test\Grynwald.Extensions.Statiq.DocsTemplate.Test.csproj", "{374825E7-36A0-4089-977A-85BC2788A7DF}"
EndProject
Project("{9A19103F-16F7-4668-BE54-9A1E7A4F7556}") = "Grynwald.Extensions.Statiq.DocsTemplate.Demo", "Extensions.Statiq.DocsTemplate.Demo\Grynwald.Extensions.Statiq.DocsTemplate.Demo.csproj", "{67CC495F-0FF5-4472-910C-73E62B1A1F63}"
EndProject
Project("{2150E333-8FDC-42A3-9474-1A3956D46DE8}") = "DocsTemplate", "DocsTemplate", "{6C38DE93-BC00-401E-8E52-AFC924484433}"
EndProject
Project("{2150E333-8FDC-42A3-9474-1A3956D46DE8}") = "DocumentReferences", "DocumentReferences", "{AED99750-E96E-4E83-A106-1E9751E764F6}"
EndProject
Project("{2150E333-8FDC-42A3-9474-1A3956D46DE8}") = "Git", "Git", "{F4070DE1-B543-45E9-B273-F5F2692BDEDC}"
EndProject
Project("{9A19103F-16F7-4668-BE54-9A1E7A4F7556}") = "Grynwald.Extensions.Statiq.TestHelpers", "Extensions.Statiq.TestHelpers\Grynwald.Extensions.Statiq.TestHelpers.csproj", "{71516A0C-7ACC-4D76-89AB-8F5CF53BCDF1}"
EndProject
Project("{9A19103F-16F7-4668-BE54-9A1E7A4F7556}") = "Grynwald.Extensions.Statiq.GitHub", "Extensions.Statiq.GitHub\Grynwald.Extensions.Statiq.GitHub.csproj", "{A1A9CB2A-DEFA-4126-AD6D-CDF2874120C5}"
EndProject
Project("{9A19103F-16F7-4668-BE54-9A1E7A4F7556}") = "Grynwald.Extensions.Statiq.GitHub.Test", "Extensions.Statiq.GitHub.Test\Grynwald.Extensions.Statiq.GitHub.Test.csproj", "{39B2A542-EBC4-42A9-9708-29D996C492FD}"
EndProject
Project("{2150E333-8FDC-42A3-9474-1A3956D46DE8}") = "GitHub", "GitHub", "{8948AEE0-D519-4ED8-900D-FC4BFF1B8BE4}"
EndProject
Global
	GlobalSection(SolutionConfigurationPlatforms) = preSolution
		Debug|Any CPU = Debug|Any CPU
		Debug|x64 = Debug|x64
		Debug|x86 = Debug|x86
		Release|Any CPU = Release|Any CPU
		Release|x64 = Release|x64
		Release|x86 = Release|x86
	EndGlobalSection
	GlobalSection(ProjectConfigurationPlatforms) = postSolution
		{9F16856B-56FD-4D78-B5E5-4AC774A92BCB}.Debug|Any CPU.ActiveCfg = Debug|Any CPU
		{9F16856B-56FD-4D78-B5E5-4AC774A92BCB}.Debug|Any CPU.Build.0 = Debug|Any CPU
		{9F16856B-56FD-4D78-B5E5-4AC774A92BCB}.Debug|x64.ActiveCfg = Debug|Any CPU
		{9F16856B-56FD-4D78-B5E5-4AC774A92BCB}.Debug|x64.Build.0 = Debug|Any CPU
		{9F16856B-56FD-4D78-B5E5-4AC774A92BCB}.Debug|x86.ActiveCfg = Debug|Any CPU
		{9F16856B-56FD-4D78-B5E5-4AC774A92BCB}.Debug|x86.Build.0 = Debug|Any CPU
		{9F16856B-56FD-4D78-B5E5-4AC774A92BCB}.Release|Any CPU.ActiveCfg = Release|Any CPU
		{9F16856B-56FD-4D78-B5E5-4AC774A92BCB}.Release|Any CPU.Build.0 = Release|Any CPU
		{9F16856B-56FD-4D78-B5E5-4AC774A92BCB}.Release|x64.ActiveCfg = Release|Any CPU
		{9F16856B-56FD-4D78-B5E5-4AC774A92BCB}.Release|x64.Build.0 = Release|Any CPU
		{9F16856B-56FD-4D78-B5E5-4AC774A92BCB}.Release|x86.ActiveCfg = Release|Any CPU
		{9F16856B-56FD-4D78-B5E5-4AC774A92BCB}.Release|x86.Build.0 = Release|Any CPU
		{DFA13466-CD34-4881-A64C-C9E3F057934D}.Debug|Any CPU.ActiveCfg = Debug|Any CPU
		{DFA13466-CD34-4881-A64C-C9E3F057934D}.Debug|Any CPU.Build.0 = Debug|Any CPU
		{DFA13466-CD34-4881-A64C-C9E3F057934D}.Debug|x64.ActiveCfg = Debug|Any CPU
		{DFA13466-CD34-4881-A64C-C9E3F057934D}.Debug|x64.Build.0 = Debug|Any CPU
		{DFA13466-CD34-4881-A64C-C9E3F057934D}.Debug|x86.ActiveCfg = Debug|Any CPU
		{DFA13466-CD34-4881-A64C-C9E3F057934D}.Debug|x86.Build.0 = Debug|Any CPU
		{DFA13466-CD34-4881-A64C-C9E3F057934D}.Release|Any CPU.ActiveCfg = Release|Any CPU
		{DFA13466-CD34-4881-A64C-C9E3F057934D}.Release|Any CPU.Build.0 = Release|Any CPU
		{DFA13466-CD34-4881-A64C-C9E3F057934D}.Release|x64.ActiveCfg = Release|Any CPU
		{DFA13466-CD34-4881-A64C-C9E3F057934D}.Release|x64.Build.0 = Release|Any CPU
		{DFA13466-CD34-4881-A64C-C9E3F057934D}.Release|x86.ActiveCfg = Release|Any CPU
		{DFA13466-CD34-4881-A64C-C9E3F057934D}.Release|x86.Build.0 = Release|Any CPU
		{9353407B-BAA0-47D0-BE90-0B1348356E5E}.Debug|Any CPU.ActiveCfg = Debug|Any CPU
		{9353407B-BAA0-47D0-BE90-0B1348356E5E}.Debug|Any CPU.Build.0 = Debug|Any CPU
		{9353407B-BAA0-47D0-BE90-0B1348356E5E}.Debug|x64.ActiveCfg = Debug|Any CPU
		{9353407B-BAA0-47D0-BE90-0B1348356E5E}.Debug|x64.Build.0 = Debug|Any CPU
		{9353407B-BAA0-47D0-BE90-0B1348356E5E}.Debug|x86.ActiveCfg = Debug|Any CPU
		{9353407B-BAA0-47D0-BE90-0B1348356E5E}.Debug|x86.Build.0 = Debug|Any CPU
		{9353407B-BAA0-47D0-BE90-0B1348356E5E}.Release|Any CPU.ActiveCfg = Release|Any CPU
		{9353407B-BAA0-47D0-BE90-0B1348356E5E}.Release|Any CPU.Build.0 = Release|Any CPU
		{9353407B-BAA0-47D0-BE90-0B1348356E5E}.Release|x64.ActiveCfg = Release|Any CPU
		{9353407B-BAA0-47D0-BE90-0B1348356E5E}.Release|x64.Build.0 = Release|Any CPU
		{9353407B-BAA0-47D0-BE90-0B1348356E5E}.Release|x86.ActiveCfg = Release|Any CPU
		{9353407B-BAA0-47D0-BE90-0B1348356E5E}.Release|x86.Build.0 = Release|Any CPU
		{AC20EE3D-6FC6-4AB3-84FE-59EB7E3D6381}.Debug|Any CPU.ActiveCfg = Debug|Any CPU
		{AC20EE3D-6FC6-4AB3-84FE-59EB7E3D6381}.Debug|Any CPU.Build.0 = Debug|Any CPU
		{AC20EE3D-6FC6-4AB3-84FE-59EB7E3D6381}.Debug|x64.ActiveCfg = Debug|Any CPU
		{AC20EE3D-6FC6-4AB3-84FE-59EB7E3D6381}.Debug|x64.Build.0 = Debug|Any CPU
		{AC20EE3D-6FC6-4AB3-84FE-59EB7E3D6381}.Debug|x86.ActiveCfg = Debug|Any CPU
		{AC20EE3D-6FC6-4AB3-84FE-59EB7E3D6381}.Debug|x86.Build.0 = Debug|Any CPU
		{AC20EE3D-6FC6-4AB3-84FE-59EB7E3D6381}.Release|Any CPU.ActiveCfg = Release|Any CPU
		{AC20EE3D-6FC6-4AB3-84FE-59EB7E3D6381}.Release|Any CPU.Build.0 = Release|Any CPU
		{AC20EE3D-6FC6-4AB3-84FE-59EB7E3D6381}.Release|x64.ActiveCfg = Release|Any CPU
		{AC20EE3D-6FC6-4AB3-84FE-59EB7E3D6381}.Release|x64.Build.0 = Release|Any CPU
		{AC20EE3D-6FC6-4AB3-84FE-59EB7E3D6381}.Release|x86.ActiveCfg = Release|Any CPU
		{AC20EE3D-6FC6-4AB3-84FE-59EB7E3D6381}.Release|x86.Build.0 = Release|Any CPU
		{B24B0724-F1C1-4264-B9A3-A67F808FDD63}.Debug|Any CPU.ActiveCfg = Debug|Any CPU
		{B24B0724-F1C1-4264-B9A3-A67F808FDD63}.Debug|Any CPU.Build.0 = Debug|Any CPU
		{B24B0724-F1C1-4264-B9A3-A67F808FDD63}.Debug|x64.ActiveCfg = Debug|Any CPU
		{B24B0724-F1C1-4264-B9A3-A67F808FDD63}.Debug|x64.Build.0 = Debug|Any CPU
		{B24B0724-F1C1-4264-B9A3-A67F808FDD63}.Debug|x86.ActiveCfg = Debug|Any CPU
		{B24B0724-F1C1-4264-B9A3-A67F808FDD63}.Debug|x86.Build.0 = Debug|Any CPU
		{B24B0724-F1C1-4264-B9A3-A67F808FDD63}.Release|Any CPU.ActiveCfg = Release|Any CPU
		{B24B0724-F1C1-4264-B9A3-A67F808FDD63}.Release|Any CPU.Build.0 = Release|Any CPU
		{B24B0724-F1C1-4264-B9A3-A67F808FDD63}.Release|x64.ActiveCfg = Release|Any CPU
		{B24B0724-F1C1-4264-B9A3-A67F808FDD63}.Release|x64.Build.0 = Release|Any CPU
		{B24B0724-F1C1-4264-B9A3-A67F808FDD63}.Release|x86.ActiveCfg = Release|Any CPU
		{B24B0724-F1C1-4264-B9A3-A67F808FDD63}.Release|x86.Build.0 = Release|Any CPU
		{374825E7-36A0-4089-977A-85BC2788A7DF}.Debug|Any CPU.ActiveCfg = Debug|Any CPU
		{374825E7-36A0-4089-977A-85BC2788A7DF}.Debug|Any CPU.Build.0 = Debug|Any CPU
		{374825E7-36A0-4089-977A-85BC2788A7DF}.Debug|x64.ActiveCfg = Debug|Any CPU
		{374825E7-36A0-4089-977A-85BC2788A7DF}.Debug|x64.Build.0 = Debug|Any CPU
		{374825E7-36A0-4089-977A-85BC2788A7DF}.Debug|x86.ActiveCfg = Debug|Any CPU
		{374825E7-36A0-4089-977A-85BC2788A7DF}.Debug|x86.Build.0 = Debug|Any CPU
		{374825E7-36A0-4089-977A-85BC2788A7DF}.Release|Any CPU.ActiveCfg = Release|Any CPU
		{374825E7-36A0-4089-977A-85BC2788A7DF}.Release|Any CPU.Build.0 = Release|Any CPU
		{374825E7-36A0-4089-977A-85BC2788A7DF}.Release|x64.ActiveCfg = Release|Any CPU
		{374825E7-36A0-4089-977A-85BC2788A7DF}.Release|x64.Build.0 = Release|Any CPU
		{374825E7-36A0-4089-977A-85BC2788A7DF}.Release|x86.ActiveCfg = Release|Any CPU
		{374825E7-36A0-4089-977A-85BC2788A7DF}.Release|x86.Build.0 = Release|Any CPU
		{67CC495F-0FF5-4472-910C-73E62B1A1F63}.Debug|Any CPU.ActiveCfg = Debug|Any CPU
		{67CC495F-0FF5-4472-910C-73E62B1A1F63}.Debug|Any CPU.Build.0 = Debug|Any CPU
		{67CC495F-0FF5-4472-910C-73E62B1A1F63}.Debug|x64.ActiveCfg = Debug|Any CPU
		{67CC495F-0FF5-4472-910C-73E62B1A1F63}.Debug|x64.Build.0 = Debug|Any CPU
		{67CC495F-0FF5-4472-910C-73E62B1A1F63}.Debug|x86.ActiveCfg = Debug|Any CPU
		{67CC495F-0FF5-4472-910C-73E62B1A1F63}.Debug|x86.Build.0 = Debug|Any CPU
		{67CC495F-0FF5-4472-910C-73E62B1A1F63}.Release|Any CPU.ActiveCfg = Release|Any CPU
		{67CC495F-0FF5-4472-910C-73E62B1A1F63}.Release|Any CPU.Build.0 = Release|Any CPU
		{67CC495F-0FF5-4472-910C-73E62B1A1F63}.Release|x64.ActiveCfg = Release|Any CPU
		{67CC495F-0FF5-4472-910C-73E62B1A1F63}.Release|x64.Build.0 = Release|Any CPU
		{67CC495F-0FF5-4472-910C-73E62B1A1F63}.Release|x86.ActiveCfg = Release|Any CPU
		{67CC495F-0FF5-4472-910C-73E62B1A1F63}.Release|x86.Build.0 = Release|Any CPU
		{71516A0C-7ACC-4D76-89AB-8F5CF53BCDF1}.Debug|Any CPU.ActiveCfg = Debug|Any CPU
		{71516A0C-7ACC-4D76-89AB-8F5CF53BCDF1}.Debug|Any CPU.Build.0 = Debug|Any CPU
		{71516A0C-7ACC-4D76-89AB-8F5CF53BCDF1}.Debug|x64.ActiveCfg = Debug|Any CPU
		{71516A0C-7ACC-4D76-89AB-8F5CF53BCDF1}.Debug|x64.Build.0 = Debug|Any CPU
		{71516A0C-7ACC-4D76-89AB-8F5CF53BCDF1}.Debug|x86.ActiveCfg = Debug|Any CPU
		{71516A0C-7ACC-4D76-89AB-8F5CF53BCDF1}.Debug|x86.Build.0 = Debug|Any CPU
		{71516A0C-7ACC-4D76-89AB-8F5CF53BCDF1}.Release|Any CPU.ActiveCfg = Release|Any CPU
		{71516A0C-7ACC-4D76-89AB-8F5CF53BCDF1}.Release|Any CPU.Build.0 = Release|Any CPU
		{71516A0C-7ACC-4D76-89AB-8F5CF53BCDF1}.Release|x64.ActiveCfg = Release|Any CPU
		{71516A0C-7ACC-4D76-89AB-8F5CF53BCDF1}.Release|x64.Build.0 = Release|Any CPU
		{71516A0C-7ACC-4D76-89AB-8F5CF53BCDF1}.Release|x86.ActiveCfg = Release|Any CPU
		{71516A0C-7ACC-4D76-89AB-8F5CF53BCDF1}.Release|x86.Build.0 = Release|Any CPU
		{A1A9CB2A-DEFA-4126-AD6D-CDF2874120C5}.Debug|Any CPU.ActiveCfg = Debug|Any CPU
		{A1A9CB2A-DEFA-4126-AD6D-CDF2874120C5}.Debug|Any CPU.Build.0 = Debug|Any CPU
		{A1A9CB2A-DEFA-4126-AD6D-CDF2874120C5}.Debug|x64.ActiveCfg = Debug|Any CPU
		{A1A9CB2A-DEFA-4126-AD6D-CDF2874120C5}.Debug|x64.Build.0 = Debug|Any CPU
		{A1A9CB2A-DEFA-4126-AD6D-CDF2874120C5}.Debug|x86.ActiveCfg = Debug|Any CPU
		{A1A9CB2A-DEFA-4126-AD6D-CDF2874120C5}.Debug|x86.Build.0 = Debug|Any CPU
		{A1A9CB2A-DEFA-4126-AD6D-CDF2874120C5}.Release|Any CPU.ActiveCfg = Release|Any CPU
		{A1A9CB2A-DEFA-4126-AD6D-CDF2874120C5}.Release|Any CPU.Build.0 = Release|Any CPU
		{A1A9CB2A-DEFA-4126-AD6D-CDF2874120C5}.Release|x64.ActiveCfg = Release|Any CPU
		{A1A9CB2A-DEFA-4126-AD6D-CDF2874120C5}.Release|x64.Build.0 = Release|Any CPU
		{A1A9CB2A-DEFA-4126-AD6D-CDF2874120C5}.Release|x86.ActiveCfg = Release|Any CPU
		{A1A9CB2A-DEFA-4126-AD6D-CDF2874120C5}.Release|x86.Build.0 = Release|Any CPU
		{39B2A542-EBC4-42A9-9708-29D996C492FD}.Debug|Any CPU.ActiveCfg = Debug|Any CPU
		{39B2A542-EBC4-42A9-9708-29D996C492FD}.Debug|Any CPU.Build.0 = Debug|Any CPU
		{39B2A542-EBC4-42A9-9708-29D996C492FD}.Debug|x64.ActiveCfg = Debug|Any CPU
		{39B2A542-EBC4-42A9-9708-29D996C492FD}.Debug|x64.Build.0 = Debug|Any CPU
		{39B2A542-EBC4-42A9-9708-29D996C492FD}.Debug|x86.ActiveCfg = Debug|Any CPU
		{39B2A542-EBC4-42A9-9708-29D996C492FD}.Debug|x86.Build.0 = Debug|Any CPU
		{39B2A542-EBC4-42A9-9708-29D996C492FD}.Release|Any CPU.ActiveCfg = Release|Any CPU
		{39B2A542-EBC4-42A9-9708-29D996C492FD}.Release|Any CPU.Build.0 = Release|Any CPU
		{39B2A542-EBC4-42A9-9708-29D996C492FD}.Release|x64.ActiveCfg = Release|Any CPU
		{39B2A542-EBC4-42A9-9708-29D996C492FD}.Release|x64.Build.0 = Release|Any CPU
		{39B2A542-EBC4-42A9-9708-29D996C492FD}.Release|x86.ActiveCfg = Release|Any CPU
		{39B2A542-EBC4-42A9-9708-29D996C492FD}.Release|x86.Build.0 = Release|Any CPU
	EndGlobalSection
	GlobalSection(SolutionProperties) = preSolution
		HideSolutionNode = FALSE
	EndGlobalSection
	GlobalSection(NestedProjects) = preSolution
		{9F16856B-56FD-4D78-B5E5-4AC774A92BCB} = {F4070DE1-B543-45E9-B273-F5F2692BDEDC}
		{DFA13466-CD34-4881-A64C-C9E3F057934D} = {F4070DE1-B543-45E9-B273-F5F2692BDEDC}
		{9353407B-BAA0-47D0-BE90-0B1348356E5E} = {AED99750-E96E-4E83-A106-1E9751E764F6}
		{AC20EE3D-6FC6-4AB3-84FE-59EB7E3D6381} = {AED99750-E96E-4E83-A106-1E9751E764F6}
		{B24B0724-F1C1-4264-B9A3-A67F808FDD63} = {6C38DE93-BC00-401E-8E52-AFC924484433}
		{374825E7-36A0-4089-977A-85BC2788A7DF} = {6C38DE93-BC00-401E-8E52-AFC924484433}
		{67CC495F-0FF5-4472-910C-73E62B1A1F63} = {6C38DE93-BC00-401E-8E52-AFC924484433}
		{A1A9CB2A-DEFA-4126-AD6D-CDF2874120C5} = {8948AEE0-D519-4ED8-900D-FC4BFF1B8BE4}
		{39B2A542-EBC4-42A9-9708-29D996C492FD} = {8948AEE0-D519-4ED8-900D-FC4BFF1B8BE4}
	EndGlobalSection
	GlobalSection(ExtensibilityGlobals) = postSolution
		SolutionGuid = {59E4201D-4471-4198-9098-D97DBF4C593F}
	EndGlobalSection
EndGlobal
